<?xml version="1.0" encoding="utf-8"?>
<Project ToolsVersion="4.0" xmlns="http://schemas.microsoft.com/developer/msbuild/2003">
  <ItemGroup>
    <Filter Include="resources">
      <UniqueIdentifier>{67DA6AB6-F800-4c08-8B7A-83BB121AAD01}</UniqueIdentifier>
      <Extensions>rc;ico;cur;bmp;dlg;rc2;rct;bin;rgs;gif;jpg;jpeg;jpe;resx</Extensions>
    </Filter>
    <Filter Include="Library">
      <UniqueIdentifier>{22bfbe8e-ee76-4002-9415-bfaea82db03f}</UniqueIdentifier>
    </Filter>
    <Filter Include="Library\lice">
      <UniqueIdentifier>{2b4b5393-4e17-4811-955a-738b880363cb}</UniqueIdentifier>
    </Filter>
    <Filter Include="Library\lice\libpng">
      <UniqueIdentifier>{3691bb07-7a3e-4782-b8b3-dc6ad9a5c1fa}</UniqueIdentifier>
    </Filter>
    <Filter Include="Library\lice\zlib">
      <UniqueIdentifier>{1a5f6dcd-004b-46ca-a95a-8ac3bf60c690}</UniqueIdentifier>
    </Filter>
    <Filter Include="Library\VST_SDK">
      <UniqueIdentifier>{91831bec-b536-4a2d-80ae-dab15e3e6e5e}</UniqueIdentifier>
    </Filter>
  </ItemGroup>
  <ItemGroup>
    <ClInclude Include="resource.h">
      <Filter>resources</Filter>
    </ClInclude>
    <ClInclude Include="IPlugEffect.h" />
    <ClInclude Include="..\WDL\IPlug\Log.h">
      <Filter>Library</Filter>
    </ClInclude>
    <ClInclude Include="..\WDL\IPlug\Containers.h">
      <Filter>Library</Filter>
    </ClInclude>
    <ClInclude Include="..\WDL\IPlug\Hosts.h">
      <Filter>Library</Filter>
    </ClInclude>
    <ClInclude Include="..\WDL\IPlug\IControl.h">
      <Filter>Library</Filter>
    </ClInclude>
    <ClInclude Include="..\WDL\IPlug\IGraphics.h">
      <Filter>Library</Filter>
    </ClInclude>
    <ClInclude Include="..\WDL\IPlug\IGraphicsLice.h">
      <Filter>Library</Filter>
    </ClInclude>
    <ClInclude Include="..\WDL\IPlug\IGraphicsWin.h">
      <Filter>Library</Filter>
    </ClInclude>
    <ClInclude Include="..\WDL\IPlug\IParam.h">
      <Filter>Library</Filter>
    </ClInclude>
    <ClInclude Include="..\WDL\IPlug\IPlug_include_in_plug_hdr.h">
      <Filter>Library</Filter>
    </ClInclude>
    <ClInclude Include="..\WDL\IPlug\IPlug_include_in_plug_src.h">
      <Filter>Library</Filter>
    </ClInclude>
    <ClInclude Include="..\WDL\IPlug\IPlugBase.h">
      <Filter>Library</Filter>
    </ClInclude>
    <ClInclude Include="..\WDL\IPlug\IPlugStructs.h">
      <Filter>Library</Filter>
    </ClInclude>
    <ClInclude Include="..\WDL\IPlug\IPlugVST.h">
      <Filter>Library</Filter>
    </ClInclude>
    <ClInclude Include="..\WDL\lice\lice_bezier.h">
      <Filter>Library\lice</Filter>
    </ClInclude>
    <ClInclude Include="..\WDL\lice\lice_combine.h">
      <Filter>Library\lice</Filter>
    </ClInclude>
    <ClInclude Include="..\WDL\lice\lice_extended.h">
      <Filter>Library\lice</Filter>
    </ClInclude>
    <ClInclude Include="..\WDL\lice\lice_text.h">
      <Filter>Library\lice</Filter>
    </ClInclude>
    <ClInclude Include="..\WDL\lice\lice.h">
      <Filter>Library\lice</Filter>
    </ClInclude>
    <ClInclude Include="..\WDL\libpng\png.h">
      <Filter>Library\lice\libpng</Filter>
    </ClInclude>
    <ClInclude Include="..\WDL\libpng\pngconf.h">
      <Filter>Library\lice\libpng</Filter>
    </ClInclude>
    <ClInclude Include="..\WDL\zlib\crc32.h">
      <Filter>Library\lice\zlib</Filter>
    </ClInclude>
    <ClInclude Include="..\WDL\zlib\deflate.h">
      <Filter>Library\lice\zlib</Filter>
    </ClInclude>
    <ClInclude Include="..\WDL\zlib\inffast.h">
      <Filter>Library\lice\zlib</Filter>
    </ClInclude>
    <ClInclude Include="..\WDL\zlib\inffixed.h">
      <Filter>Library\lice\zlib</Filter>
    </ClInclude>
    <ClInclude Include="..\WDL\zlib\inflate.h">
      <Filter>Library\lice\zlib</Filter>
    </ClInclude>
    <ClInclude Include="..\WDL\zlib\inftrees.h">
      <Filter>Library\lice\zlib</Filter>
    </ClInclude>
    <ClInclude Include="..\WDL\zlib\ioapi.h">
      <Filter>Library\lice\zlib</Filter>
    </ClInclude>
    <ClInclude Include="..\WDL\zlib\trees.h">
      <Filter>Library\lice\zlib</Filter>
    </ClInclude>
    <ClInclude Include="..\WDL\zlib\unzip.h">
      <Filter>Library\lice\zlib</Filter>
    </ClInclude>
    <ClInclude Include="..\WDL\zlib\zconf.h">
      <Filter>Library\lice\zlib</Filter>
    </ClInclude>
    <ClInclude Include="..\WDL\zlib\zconf.in.h">
      <Filter>Library\lice\zlib</Filter>
    </ClInclude>
    <ClInclude Include="..\WDL\zlib\zlib.h">
      <Filter>Library\lice\zlib</Filter>
    </ClInclude>
    <ClInclude Include="..\WDL\zlib\zutil.h">
      <Filter>Library\lice\zlib</Filter>
    </ClInclude>
    <ClInclude Include="..\VST_SDK\aeffect.h">
      <Filter>Library\VST_SDK</Filter>
    </ClInclude>
    <ClInclude Include="..\VST_SDK\aeffectx.h">
      <Filter>Library\VST_SDK</Filter>
    </ClInclude>
  </ItemGroup>
  <ItemGroup>
    <ClCompile Include="IPlugEffect.cpp" />
    <ClCompile Include="..\WDL\IPlug\Hosts.cpp">
      <Filter>Library</Filter>
    </ClCompile>
    <ClCompile Include="..\WDL\IPlug\IControl.cpp">
      <Filter>Library</Filter>
    </ClCompile>
    <ClCompile Include="..\WDL\IPlug\IGraphics.cpp">
      <Filter>Library</Filter>
    </ClCompile>
    <ClCompile Include="..\WDL\IPlug\IGraphicsLice.cpp">
      <Filter>Library</Filter>
    </ClCompile>
    <ClCompile Include="..\WDL\IPlug\IGraphicsWin.cpp">
      <Filter>Library</Filter>
    </ClCompile>
    <ClCompile Include="..\WDL\IPlug\IParam.cpp">
      <Filter>Library</Filter>
    </ClCompile>
    <ClCompile Include="..\WDL\IPlug\IPlugBase.cpp">
      <Filter>Library</Filter>
    </ClCompile>
    <ClCompile Include="..\WDL\IPlug\IPlugStructs.cpp">
      <Filter>Library</Filter>
    </ClCompile>
    <ClCompile Include="..\WDL\IPlug\IPlugVST.cpp">
      <Filter>Library</Filter>
    </ClCompile>
    <ClCompile Include="..\WDL\IPlug\Log.cpp">
      <Filter>Library</Filter>
    </ClCompile>
    <ClCompile Include="..\WDL\lice\lice_arc.cpp">
      <Filter>Library\lice</Filter>
    </ClCompile>
    <ClCompile Include="..\WDL\lice\lice_line.cpp">
      <Filter>Library\lice</Filter>
    </ClCompile>
    <ClCompile Include="..\WDL\lice\lice_png.cpp">
      <Filter>Library\lice</Filter>
    </ClCompile>
    <ClCompile Include="..\WDL\lice\lice_text.cpp">
      <Filter>Library\lice</Filter>
    </ClCompile>
    <ClCompile Include="..\WDL\lice\lice_textnew.cpp">
      <Filter>Library\lice</Filter>
    </ClCompile>
    <ClCompile Include="..\WDL\lice\lice.cpp">
      <Filter>Library\lice</Filter>
    </ClCompile>
    <ClCompile Include="..\WDL\libpng\png.c">
      <Filter>Library\lice\libpng</Filter>
    </ClCompile>
    <ClCompile Include="..\WDL\libpng\pngerror.c">
      <Filter>Library\lice\libpng</Filter>
    </ClCompile>
    <ClCompile Include="..\WDL\libpng\pnggccrd.c">
      <Filter>Library\lice\libpng</Filter>
    </ClCompile>
    <ClCompile Include="..\WDL\libpng\pngget.c">
      <Filter>Library\lice\libpng</Filter>
    </ClCompile>
    <ClCompile Include="..\WDL\libpng\pngmem.c">
      <Filter>Library\lice\libpng</Filter>
    </ClCompile>
    <ClCompile Include="..\WDL\libpng\pngpread.c">
      <Filter>Library\lice\libpng</Filter>
    </ClCompile>
    <ClCompile Include="..\WDL\libpng\pngread.c">
      <Filter>Library\lice\libpng</Filter>
    </ClCompile>
    <ClCompile Include="..\WDL\libpng\pngrio.c">
      <Filter>Library\lice\libpng</Filter>
    </ClCompile>
    <ClCompile Include="..\WDL\libpng\pngrtran.c">
      <Filter>Library\lice\libpng</Filter>
    </ClCompile>
    <ClCompile Include="..\WDL\libpng\pngrutil.c">
      <Filter>Library\lice\libpng</Filter>
    </ClCompile>
    <ClCompile Include="..\WDL\libpng\pngset.c">
      <Filter>Library\lice\libpng</Filter>
    </ClCompile>
    <ClCompile Include="..\WDL\libpng\pngtrans.c">
      <Filter>Library\lice\libpng</Filter>
    </ClCompile>
    <ClCompile Include="..\WDL\libpng\pngvcrd.c">
      <Filter>Library\lice\libpng</Filter>
    </ClCompile>
    <ClCompile Include="..\WDL\libpng\pngwio.c">
      <Filter>Library\lice\libpng</Filter>
    </ClCompile>
    <ClCompile Include="..\WDL\libpng\pngwrite.c">
      <Filter>Library\lice\libpng</Filter>
    </ClCompile>
    <ClCompile Include="..\WDL\libpng\pngwtran.c">
      <Filter>Library\lice\libpng</Filter>
    </ClCompile>
    <ClCompile Include="..\WDL\libpng\pngwutil.c">
      <Filter>Library\lice\libpng</Filter>
    </ClCompile>
    <ClCompile Include="..\WDL\zlib\adler32.c">
      <Filter>Library\lice\zlib</Filter>
    </ClCompile>
    <ClCompile Include="..\WDL\zlib\compress.c">
      <Filter>Library\lice\zlib</Filter>
    </ClCompile>
    <ClCompile Include="..\WDL\zlib\crc32.c">
      <Filter>Library\lice\zlib</Filter>
    </ClCompile>
    <ClCompile Include="..\WDL\zlib\deflate.c">
      <Filter>Library\lice\zlib</Filter>
    </ClCompile>
    <ClCompile Include="..\WDL\zlib\gzio.c">
      <Filter>Library\lice\zlib</Filter>
    </ClCompile>
    <ClCompile Include="..\WDL\zlib\infback.c">
      <Filter>Library\lice\zlib</Filter>
    </ClCompile>
    <ClCompile Include="..\WDL\zlib\inffast.c">
      <Filter>Library\lice\zlib</Filter>
    </ClCompile>
    <ClCompile Include="..\WDL\zlib\inflate.c">
      <Filter>Library\lice\zlib</Filter>
    </ClCompile>
    <ClCompile Include="..\WDL\zlib\inftrees.c">
      <Filter>Library\lice\zlib</Filter>
    </ClCompile>
    <ClCompile Include="..\WDL\zlib\ioapi.c">
      <Filter>Library\lice\zlib</Filter>
    </ClCompile>
    <ClCompile Include="..\WDL\zlib\trees.c">
      <Filter>Library\lice\zlib</Filter>
    </ClCompile>
    <ClCompile Include="..\WDL\zlib\uncompr.c">
      <Filter>Library\lice\zlib</Filter>
    </ClCompile>
    <ClCompile Include="..\WDL\zlib\unzip.c">
      <Filter>Library\lice\zlib</Filter>
    </ClCompile>
    <ClCompile Include="..\WDL\zlib\zutil.c">
      <Filter>Library\lice\zlib</Filter>
    </ClCompile>
  </ItemGroup>
</Project>